
Microsoft Visual Studio Solution File, Format Version 12.00
# Visual Studio Version 17
VisualStudioVersion = 17.5.33530.505
MinimumVisualStudioVersion = 10.0.40219.1
Project("{FAE04EC0-301F-11D3-BF4B-00C04F79EFBC}") = "RithmicSoul.Admin.Server", "RithmicSoul.Admin\Server\RithmicSoul.Admin.Server.csproj", "{F6DABA2D-683D-47B0-A92A-A00D54A1A9DE}"
EndProject
Project("{FAE04EC0-301F-11D3-BF4B-00C04F79EFBC}") = "RithmicSoul.Admin.Client", "RithmicSoul.Admin\Client\RithmicSoul.Admin.Client.csproj", "{BAD7755D-1A24-4EBB-9B03-8791FFB9324A}"
EndProject
Project("{FAE04EC0-301F-11D3-BF4B-00C04F79EFBC}") = "RithmicSoul.Admin.Shared", "RithmicSoul.Admin\Shared\RithmicSoul.Admin.Shared.csproj", "{A9702A96-A68D-4449-B93F-BB0E744EC846}"
EndProject
Global
	GlobalSection(SolutionConfigurationPlatforms) = preSolution
		Debug|Any CPU = Debug|Any CPU
		Release|Any CPU = Release|Any CPU
	EndGlobalSection
	GlobalSection(ProjectConfigurationPlatforms) = postSolution
		{F6DABA2D-683D-47B0-A92A-A00D54A1A9DE}.Debug|Any CPU.ActiveCfg = Debug|Any CPU
		{F6DABA2D-683D-47B0-A92A-A00D54A1A9DE}.Debug|Any CPU.Build.0 = Debug|Any CPU
		{F6DABA2D-683D-47B0-A92A-A00D54A1A9DE}.Release|Any CPU.ActiveCfg = Release|Any CPU
		{F6DABA2D-683D-47B0-A92A-A00D54A1A9DE}.Release|Any CPU.Build.0 = Release|Any CPU
		{BAD7755D-1A24-4EBB-9B03-8791FFB9324A}.Debug|Any CPU.ActiveCfg = Debug|Any CPU
		{BAD7755D-1A24-4EBB-9B03-8791FFB9324A}.Debug|Any CPU.Build.0 = Debug|Any CPU
		{BAD7755D-1A24-4EBB-9B03-8791FFB9324A}.Release|Any CPU.ActiveCfg = Release|Any CPU
		{BAD7755D-1A24-4EBB-9B03-8791FFB9324A}.Release|Any CPU.Build.0 = Release|Any CPU
		{A9702A96-A68D-4449-B93F-BB0E744EC846}.Debug|Any CPU.ActiveCfg = Debug|Any CPU
		{A9702A96-A68D-4449-B93F-BB0E744EC846}.Debug|Any CPU.Build.0 = Debug|Any CPU
		{A9702A96-A68D-4449-B93F-BB0E744EC846}.Release|Any CPU.ActiveCfg = Release|Any CPU
		{A9702A96-A68D-4449-B93F-BB0E744EC846}.Release|Any CPU.Build.0 = Release|Any CPU
	EndGlobalSection
	GlobalSection(SolutionProperties) = preSolution
		HideSolutionNode = FALSE
	EndGlobalSection
	GlobalSection(ExtensibilityGlobals) = postSolution
		SolutionGuid = {4BF75273-14BC-4F4C-B2E1-E383003A59D3}
	EndGlobalSection
EndGlobal
